
Microsoft Visual Studio Solution File, Format Version 12.00
# Visual Studio 15
VisualStudioVersion = 15.0.28307.168
MinimumVisualStudioVersion = 10.0.40219.1
Project("{FAE04EC0-301F-11D3-BF4B-00C04F79EFBC}") = "Demo.Foundation.MediaLibrary", "src\Foundation\MediaLibrary\Demo.Foundation.MediaLibrary\Demo.Foundation.MediaLibrary.csproj", "{11FF50EA-1949-48C6-BD91-47101A2F55A8}"
EndProject
Project("{FAE04EC0-301F-11D3-BF4B-00C04F79EFBC}") = "Demo.Foundation.MediaLibrary.Tests", "src\Foundation\MediaLibrary\Demo.Foundation.MediaLibrary.Tests\Demo.Foundation.MediaLibrary.Tests.csproj", "{1B247F5E-87FB-40E2-8814-644A62F15B53}"
EndProject
Global
	GlobalSection(SolutionConfigurationPlatforms) = preSolution
		Debug|Any CPU = Debug|Any CPU
		Release|Any CPU = Release|Any CPU
	EndGlobalSection
	GlobalSection(ProjectConfigurationPlatforms) = postSolution
		{11FF50EA-1949-48C6-BD91-47101A2F55A8}.Debug|Any CPU.ActiveCfg = Debug|Any CPU
		{11FF50EA-1949-48C6-BD91-47101A2F55A8}.Debug|Any CPU.Build.0 = Debug|Any CPU
		{11FF50EA-1949-48C6-BD91-47101A2F55A8}.Release|Any CPU.ActiveCfg = Release|Any CPU
		{11FF50EA-1949-48C6-BD91-47101A2F55A8}.Release|Any CPU.Build.0 = Release|Any CPU
		{1B247F5E-87FB-40E2-8814-644A62F15B53}.Debug|Any CPU.ActiveCfg = Debug|Any CPU
		{1B247F5E-87FB-40E2-8814-644A62F15B53}.Debug|Any CPU.Build.0 = Debug|Any CPU
		{1B247F5E-87FB-40E2-8814-644A62F15B53}.Release|Any CPU.ActiveCfg = Release|Any CPU
		{1B247F5E-87FB-40E2-8814-644A62F15B53}.Release|Any CPU.Build.0 = Release|Any CPU
	EndGlobalSection
	GlobalSection(SolutionProperties) = preSolution
		HideSolutionNode = FALSE
	EndGlobalSection
	GlobalSection(ExtensibilityGlobals) = postSolution
		SolutionGuid = {4D5526F3-0344-49AB-A245-40A0D86EF6DA}
	EndGlobalSection
EndGlobal
